// !$*UTF8*$!
{
	archiveVersion = 1;
	classes = {
	};
	objectVersion = 56;
	objects = {
		024892A436DE54D2493F20CE = {
			isa = PBXFileReference;
			lastKnownFileType = text.plist.entitlements;
			path = SleeperScore.entitlements;
			sourceTree = "<group>";
		};
		03FCA72BB613E552F2AD9FAD = {
			isa = XCConfigurationList;
			buildConfigurations = (
				FD2DD70200319FF7456A87FC /* Debug */,
				CC75E1056C3F0D7E633EEBD6 /* Release */,
			);
			defaultConfigurationIsVisible = 0;
			defaultConfigurationName = Release;
		};
		04449DC025E75A1853DBCE40 = {
			isa = PBXBuildFile;
			fileRef = 1B442E42980596EBCD246D51 /* ScoreWidgetExtension.appex */;
			settings = {
				ATTRIBUTES = (
					RemoveHeadersOnCopy,
				);
			};
		};
		0661F517A86C8F5C87C0EDBA = {
			isa = PBXNativeTarget;
			buildConfigurationList = 03FCA72BB613E552F2AD9FAD /* Build configuration list for PBXNativeTarget "ScoreWidgetExtension" */;
			buildPhases = (
				37A859133C5B7A49CE597D35,
				11EF39465FB5B37CF41E367D,
				B56E96530BC9DC2EBA288692,
			);
			buildRules = (
			);
			dependencies = (
			);
			name = ScoreWidgetExtension;
			productName = ScoreWidgetExtension;
			productReference = 1B442E42980596EBCD246D51 /* ScoreWidgetExtension.appex */;
			productType = "com.apple.product-type.app-extension";
		};
		0A3AFB51459A2B0FB41234F0 = {
			isa = PBXFileReference;
			lastKnownFileType = sourcecode.swift;
			path = InjuryWatcher.swift;
			sourceTree = "<group>";
		};
		0A598CA0E76491BC2FBFA58E = {
			isa = PBXBuildFile;
			fileRef = 203F74635AA1CE200A0E9736 /* Entitlements.swift */;
		};
		1011B10BE33E7445720286C5 = {
			isa = PBXBuildFile;
			fileRef = C6ADDF882A06872F0A8E4C06 /* PlayerCatalog.swift */;
		};
		105E01A849C6AC17353F5BFB = {
			isa = PBXFileReference;
			lastKnownFileType = sourcecode.swift;
			path = StandingsView.swift;
			sourceTree = "<group>";
		};
		11EF39465FB5B37CF41E367D = {
			isa = PBXFrameworksBuildPhase;
			buildActionMask = 2147483647;
			files = (
			);
			runOnlyForDeploymentPostprocessing = 0;
		};
		11EFC0520AE3ED4F58D2E14D = {
			isa = PBXFileReference;
			lastKnownFileType = sourcecode.swift;
			path = SeasonHistory.swift;
			sourceTree = "<group>";
		};
		135690DDA1A4229C7D65F29F = {
			isa = PBXBuildFile;
			fileRef = AA51B72FDC0256F52E46C66F /* SeasonView.swift */;
		};
		13FBE3C3B926169A29D11AEA = {
			isa = PBXBuildFile;
			fileRef = CD7706DE0705E26991B88766 /* AppConfig.swift */;
		};
		168A2B8957B3AD26128DBC3F = {
			isa = PBXBuildFile;
			fileRef = 203F74635AA1CE200A0E9736 /* Entitlements.swift */;
		};
		16A2A2EC5CD5F576C05BD458 = {
			isa = PBXBuildFile;
			fileRef = 24CB73DD8085DAD185EBE7EA /* OptimalLineup.swift */;
		};
		16ACE556BD5CA3C51FD3F043 = {
			isa = XCBuildConfiguration;
			buildSettings = {
				ASSETCATALOG_COMPILER_APPICON_NAME = AppIcon;
				ASSETCATALOG_COMPILER_GLOBAL_ACCENT_COLOR_NAME = AccentColor;
				CODE_SIGN_ENTITLEMENTS = SleeperScore/SleeperScore.entitlements;
				CODE_SIGN_STYLE = Automatic;
				CURRENT_PROJECT_VERSION = 1;
				ENABLE_PREVIEWS = YES;
				GENERATE_INFOPLIST_FILE = NO;
				INFOPLIST_FILE = SleeperScore/Info.plist;
				LD_RUNPATH_SEARCH_PATHS = (
					"$(inherited)",
					"@executable_path/Frameworks",
				);
				MARKETING_VERSION = 1.0;
				PRODUCT_BUNDLE_IDENTIFIER = dev.calvi.sleeperscore;
				PRODUCT_NAME = "$(TARGET_NAME)";
				SWIFT_EMIT_LOC_STRINGS = YES;
				TARGETED_DEVICE_FAMILY = "1,2";
			};
			name = Release;
		};
		195E05D9D0E5FE526308E629 = {
			isa = PBXFileReference;
			lastKnownFileType = sourcecode.swift;
			path = HostKind.swift;
			sourceTree = "<group>";
		};
		1B442E42980596EBCD246D51 = {
			isa = PBXFileReference;
			explicitFileType = "wrapper.app-extension";
			includeInIndex = 0;
			path = ScoreWidgetExtension.appex;
			sourceTree = BUILT_PRODUCTS_DIR;
		};
		1C4F7F3429814B3CC0DDFDC4 = {
			isa = PBXBuildFile;
			fileRef = 11EFC0520AE3ED4F58D2E14D /* SeasonHistory.swift */;
		};
		1C506A9A7240F3BA5A60F45A = {
			isa = PBXBuildFile;
			fileRef = 8238C6F408B14E52156812E2 /* PlayerNews.swift */;
		};
		1F3512EF34B2A4C6D8FFD69F = {
			isa = XCConfigurationList;
			buildConfigurations = (
				82000B87E0EC13AD7FD6DA43 /* Debug */,
				16ACE556BD5CA3C51FD3F043 /* Release */,
			);
			defaultConfigurationIsVisible = 0;
			defaultConfigurationName = Release;
		};
		203F74635AA1CE200A0E9736 = {
			isa = PBXFileReference;
			lastKnownFileType = sourcecode.swift;
			path = Entitlements.swift;
			sourceTree = "<group>";
		};
		207AE7F7BF7702CED53D696C = {
			isa = PBXFileReference;
			lastKnownFileType = sourcecode.swift;
			path = Theme.swift;
			sourceTree = "<group>";
		};
		2109C7E654CC4E0E38EA26A3 = {
			isa = PBXBuildFile;
			fileRef = C5DDC4617D40B315EC9D8E47 /* ScoreboardModel.swift */;
		};
		241B5769E28CE18570E5F2F8 = {
			isa = PBXBuildFile;
			fileRef = 6017835189AFFF5EC9046AAB /* MatchupComponents.swift */;
		};
		24A2525A50D463D43174024B = {
			isa = PBXFileReference;
			lastKnownFileType = sourcecode.swift;
			path = ShareCard.swift;
			sourceTree = "<group>";
		};
		24CB73DD8085DAD185EBE7EA = {
			isa = PBXFileReference;
			lastKnownFileType = sourcecode.swift;
			path = OptimalLineup.swift;
			sourceTree = "<group>";
		};
		2C74BDE13991C1ADF223AAEA = {
			isa = PBXBuildFile;
			fileRef = 5B082B835ACC628B90347851 /* MatchupSnapshot.swift */;
		};
		3151BC39D6A2698E68E6D340 = {
			isa = PBXBuildFile;
			fileRef = 3CC877DCD46ABB61F63E8488 /* MatchupLiveActivity.swift */;
		};
		3224D5599600DB32E6707465 = {
			isa = PBXBuildFile;
			fileRef = C447792AF8760633BC09EF93 /* WeekStats.swift */;
		};
		32733C0A693D9BA930BBCCF3 = {
			isa = PBXBuildFile;
			fileRef = F360A9C432F944F1E4F4246B /* MatchSimulator.swift */;
		};
		3324523CAE439BA3B0D3A966 = {
			isa = PBXBuildFile;
			fileRef = 3EB54807A73C03E3C475C2EF /* KeychainStore.swift */;
		};
		3523BFD0D7C29A78E0466695 = {
			isa = PBXBuildFile;
			fileRef = 24CB73DD8085DAD185EBE7EA /* OptimalLineup.swift */;
		};
		3583F9BFD8A741B035FE38DC = {
			isa = PBXBuildFile;
			fileRef = 5B5F18854E67727AE5FF5B8E /* SleeperAPI.swift */;
		};
		368E8DA1F8408B5A9BB46F2F = {
			isa = PBXFileReference;
			lastKnownFileType = sourcecode.swift;
			path = WinProbability.swift;
			sourceTree = "<group>";
		};
		36CBBEEECA3A305005C30BB5 = {
			isa = PBXFileReference;
			lastKnownFileType = text.plist.xml;
			path = Info.plist;
			sourceTree = "<group>";
		};
		37A859133C5B7A49CE597D35 = {
			isa = PBXSourcesBuildPhase;
			buildActionMask = 2147483647;
			files = (
				5ADEADE4C0734DD3CBC6315E /* AppConfig.swift in ScoreWidgetExtension */,
				76783979A41D8BC5142F6045 /* JSONSupport.swift in ScoreWidgetExtension */,
				D43102C6B7124A44BB8B79D2 /* SleeperModels.swift in ScoreWidgetExtension */,
				3583F9BFD8A741B035FE38DC /* SleeperAPI.swift in ScoreWidgetExtension */,
				2C74BDE13991C1ADF223AAEA /* MatchupSnapshot.swift in ScoreWidgetExtension */,
				DCBEC3B50E0D25141FE1D888 /* MatchupActivity.swift in ScoreWidgetExtension */,
				48FFC91029B2DA79EDFFA0C1 /* ScoringDetector.swift in ScoreWidgetExtension */,
				ABFEBEBD551AE490410EDE0B /* InjuryWatcher.swift in ScoreWidgetExtension */,
				DE2B75DF8FFBAB7A9E66A288 /* MatchSimulator.swift in ScoreWidgetExtension */,
				EB0BABE71F931600D48BB98F /* SharedStore.swift in ScoreWidgetExtension */,
				3324523CAE439BA3B0D3A966 /* KeychainStore.swift in ScoreWidgetExtension */,
				68B0C94D62D04030A04109CF /* HostKind.swift in ScoreWidgetExtension */,
				168A2B8957B3AD26128DBC3F /* Entitlements.swift in ScoreWidgetExtension */,
				D0143AE3927E5100A6257CF1 /* AvatarLoader.swift in ScoreWidgetExtension */,
				74B9E9A0D86F399917DBF509 /* HeadshotCache.swift in ScoreWidgetExtension */,
				1011B10BE33E7445720286C5 /* PlayerCatalog.swift in ScoreWidgetExtension */,
				3224D5599600DB32E6707465 /* WeekStats.swift in ScoreWidgetExtension */,
				C716D99812EACED16CCF5CC5 /* Projections.swift in ScoreWidgetExtension */,
				CAADC64843CA3C3E7BED06BD /* WinProbability.swift in ScoreWidgetExtension */,
				3523BFD0D7C29A78E0466695 /* OptimalLineup.swift in ScoreWidgetExtension */,
				BE9755B885CA955671AA3752 /* PlayerNews.swift in ScoreWidgetExtension */,
				1C4F7F3429814B3CC0DDFDC4 /* SeasonHistory.swift in ScoreWidgetExtension */,
				CBBBE19B4682C29799DAE9F0 /* MatchupService.swift in ScoreWidgetExtension */,
				9A14ACA83648BAAD0A7B4F62 /* Theme.swift in ScoreWidgetExtension */,
				71DAAFA211708FECC42DA14A /* MatchupComponents.swift in ScoreWidgetExtension */,
				553B51B711A499F0543A1AF3 /* ScoreWidgetBundle.swift in ScoreWidgetExtension */,
				9DC05096FC383F2E372383D0 /* ScoreProvider.swift in ScoreWidgetExtension */,
				E97658E1132B2D311B4060A1 /* ScoreWidgetViews.swift in ScoreWidgetExtension */,
				3151BC39D6A2698E68E6D340 /* MatchupLiveActivity.swift in ScoreWidgetExtension */,
			);
			runOnlyForDeploymentPostprocessing = 0;
		};
		394D755F24F129EE7716E89F = {
			isa = PBXFileReference;
			lastKnownFileType = sourcecode.swift;
			path = YahooAuth.swift;
			sourceTree = "<group>";
		};
		3CC877DCD46ABB61F63E8488 = {
			isa = PBXFileReference;
			lastKnownFileType = sourcecode.swift;
			path = MatchupLiveActivity.swift;
			sourceTree = "<group>";
		};
		3EB54807A73C03E3C475C2EF = {
			isa = PBXFileReference;
			lastKnownFileType = sourcecode.swift;
			path = KeychainStore.swift;
			sourceTree = "<group>";
		};
		4261EEF56592849D4E076E11 = {
			isa = PBXBuildFile;
			fileRef = 42E04906F4D01EA240919648 /* BackgroundRefresh.swift */;
		};
		42E04906F4D01EA240919648 = {
			isa = PBXFileReference;
			lastKnownFileType = sourcecode.swift;
			path = BackgroundRefresh.swift;
			sourceTree = "<group>";
		};
		45DE0911B50B5D5508CA0B61 = {
			isa = PBXBuildFile;
			fileRef = 5B5F18854E67727AE5FF5B8E /* SleeperAPI.swift */;
		};
		46F86FAA6BBF9AC94A7E4595 = {
			isa = PBXProject;
			attributes = {
				BuildIndependentTargetsInParallel = 1;
				LastSwiftUpdateCheck = 1600;
				LastUpgradeCheck = 1600;
				TargetAttributes = {
					0661F517A86C8F5C87C0EDBA = {
						CreatedOnToolsVersion = 16.0;
					};
					E3435DDA2687639586BF0B70 = {
						CreatedOnToolsVersion = 16.0;
					};
				};
			};
			buildConfigurationList = 4B6C2876ED42CF301970B266 /* Build configuration list for PBXProject "SleeperScore" */;
			compatibilityVersion = "Xcode 14.0";
			developmentRegion = es;
			hasScannedForEncodings = 0;
			knownRegions = (
				en,
				Base,
				es,
			);
			mainGroup = 518DA81DB9B99529C0C0AEBE /* group:main */;
			productRefGroup = 547D009064F7C3F13BEF3460 /* Products */;
			projectDirPath = "";
			projectRoot = "";
			targets = (
				E3435DDA2687639586BF0B70 /* SleeperScore */,
				0661F517A86C8F5C87C0EDBA /* ScoreWidgetExtension */,
			);
		};
		47DB9E782CD4A6EF0DD65202 = {
			isa = PBXFileReference;
			lastKnownFileType = sourcecode.swift;
			path = SleeperModels.swift;
			sourceTree = "<group>";
		};
		4821909E9BF9E73E471FEA84 = {
			isa = PBXSourcesBuildPhase;
			buildActionMask = 2147483647;
			files = (
				13FBE3C3B926169A29D11AEA /* AppConfig.swift in SleeperScore */,
				62A1142776BBB3D9EDA74A24 /* JSONSupport.swift in SleeperScore */,
				79CAEDCD7081CCC9E228807D /* SleeperModels.swift in SleeperScore */,
				45DE0911B50B5D5508CA0B61 /* SleeperAPI.swift in SleeperScore */,
				532D73CF490BB7A11403E875 /* MatchupSnapshot.swift in SleeperScore */,
				56201EA16EE7691FA1143BCD /* MatchupActivity.swift in SleeperScore */,
				75831CD06B138A88B2678D6D /* ScoringDetector.swift in SleeperScore */,
				E47763735724DC7F5E89001B /* InjuryWatcher.swift in SleeperScore */,
				32733C0A693D9BA930BBCCF3 /* MatchSimulator.swift in SleeperScore */,
				4DDDE3071D9582391BFE9D0D /* SharedStore.swift in SleeperScore */,
				6C367E27D171A8E0CF442BD3 /* KeychainStore.swift in SleeperScore */,
				AC44EE7A89E0071831176FE1 /* HostKind.swift in SleeperScore */,
				0A598CA0E76491BC2FBFA58E /* Entitlements.swift in SleeperScore */,
				F5A30E0A9EB43FB9E5566673 /* AvatarLoader.swift in SleeperScore */,
				73AA4EBD467F0E330299F7C4 /* HeadshotCache.swift in SleeperScore */,
				FAEBD90CE12952F4FBC920AC /* PlayerCatalog.swift in SleeperScore */,
				D11F48B53881037F9CF0F7EF /* WeekStats.swift in SleeperScore */,
				BB02DB3256C02EB45CE301EF /* Projections.swift in SleeperScore */,
				FDB001CE42806C546F6ED13F /* WinProbability.swift in SleeperScore */,
				16A2A2EC5CD5F576C05BD458 /* OptimalLineup.swift in SleeperScore */,
				1C506A9A7240F3BA5A60F45A /* PlayerNews.swift in SleeperScore */,
				D2CFDBA3102D6FCABBFB8476 /* SeasonHistory.swift in SleeperScore */,
				58AA38ADA353BE33F5AF5C3A /* MatchupService.swift in SleeperScore */,
				D80B18A2F5944D5736AB7143 /* Theme.swift in SleeperScore */,
				241B5769E28CE18570E5F2F8 /* MatchupComponents.swift in SleeperScore */,
				55FB7C5417C0B686BCCA94A7 /* SleeperScoreApp.swift in SleeperScore */,
				2109C7E654CC4E0E38EA26A3 /* ScoreboardModel.swift in SleeperScore */,
				55CAFCBE481E5EEBB2F99E24 /* LiveActivityController.swift in SleeperScore */,
				4261EEF56592849D4E076E11 /* BackgroundRefresh.swift in SleeperScore */,
				9C9031AFD88F66F18BDF50C4 /* Notifier.swift in SleeperScore */,
				C6DA29FAD2E61DF050748E30 /* RootView.swift in SleeperScore */,
				71F6B29CF9FE0FE20B3C9AD5 /* ScoreboardView.swift in SleeperScore */,
				5BB1FFBCF225159ABC9A8FE6 /* AccountsView.swift in SleeperScore */,
				50BE8AE4816B3EE031CEB93D /* PaywallView.swift in SleeperScore */,
				904AB9B259C5D8083B7B4DA3 /* StandingsView.swift in SleeperScore */,
				135690DDA1A4229C7D65F29F /* SeasonView.swift in SleeperScore */,
				C2AF9442A8E7CCC9C3394F69 /* ShareCard.swift in SleeperScore */,
				82606A21EEF631F7A0CCE86C /* SleeperSettingsView.swift in SleeperScore */,
				8351630F35B9C4E00D24189C /* YahooAuth.swift in SleeperScore */,
			);
			runOnlyForDeploymentPostprocessing = 0;
		};
		48FFC91029B2DA79EDFFA0C1 = {
			isa = PBXBuildFile;
			fileRef = 8777A0A8342E64FFA645DEB6 /* ScoringDetector.swift */;
		};
		496AF46EC2762DDF91F78F13 = {
			isa = PBXCopyFilesBuildPhase;
			buildActionMask = 2147483647;
			dstPath = "";
			dstSubfolderSpec = 13;
			files = (
				04449DC025E75A1853DBCE40 /* ScoreWidgetExtension.appex in Embed Foundation Extensions */,
			);
			name = "Embed Foundation Extensions";
			runOnlyForDeploymentPostprocessing = 0;
		};
		4B6C2876ED42CF301970B266 = {
			isa = XCConfigurationList;
			buildConfigurations = (
				92E165A9035A603BE73D2E62 /* Debug */,
				E1D3BBA94590957B0374D6E9 /* Release */,
			);
			defaultConfigurationIsVisible = 0;
			defaultConfigurationName = Release;
		};
		4DDDE3071D9582391BFE9D0D = {
			isa = PBXBuildFile;
			fileRef = A55CC726808CF50732E54964 /* SharedStore.swift */;
		};
		50BE8AE4816B3EE031CEB93D = {
			isa = PBXBuildFile;
			fileRef = EA428F9B7B2AC331FC76A403 /* PaywallView.swift */;
		};
		518DA81DB9B99529C0C0AEBE = {
			isa = PBXGroup;
			children = (
				9CB302E9C7F6377B351DBEAB /* Shared */,
				82CF2A43A7100F086D7FCFDD /* SleeperScore */,
				EC21069A65F2CA977FE14A64 /* ScoreWidget */,
				547D009064F7C3F13BEF3460 /* Products */,
			);
			sourceTree = "<group>";
		};
		532D73CF490BB7A11403E875 = {
			isa = PBXBuildFile;
			fileRef = 5B082B835ACC628B90347851 /* MatchupSnapshot.swift */;
		};
		547D009064F7C3F13BEF3460 = {
			isa = PBXGroup;
			children = (
				84337AD8D27FCD69AF2C4FC2 /* SleeperScore.app */,
				1B442E42980596EBCD246D51 /* ScoreWidgetExtension.appex */,
			);
			name = Products;
			sourceTree = "<group>";
		};
		553B51B711A499F0543A1AF3 = {
			isa = PBXBuildFile;
			fileRef = C5A41E448492DA848F9CAA89 /* ScoreWidgetBundle.swift */;
		};
		55CAFCBE481E5EEBB2F99E24 = {
			isa = PBXBuildFile;
			fileRef = 77CBDA829DD33A4B108B5998 /* LiveActivityController.swift */;
		};
		55FB7C5417C0B686BCCA94A7 = {
			isa = PBXBuildFile;
			fileRef = C19B50826CD60F84F1157D12 /* SleeperScoreApp.swift */;
		};
		56201EA16EE7691FA1143BCD = {
			isa = PBXBuildFile;
			fileRef = B3F8241004CFBF529E7D6903 /* MatchupActivity.swift */;
		};
		58AA38ADA353BE33F5AF5C3A = {
			isa = PBXBuildFile;
			fileRef = ADE09ECB837E05A3414451DB /* MatchupService.swift */;
		};
		5ADEADE4C0734DD3CBC6315E = {
			isa = PBXBuildFile;
			fileRef = CD7706DE0705E26991B88766 /* AppConfig.swift */;
		};
		5B082B835ACC628B90347851 = {
			isa = PBXFileReference;
			lastKnownFileType = sourcecode.swift;
			path = MatchupSnapshot.swift;
			sourceTree = "<group>";
		};
		5B5F18854E67727AE5FF5B8E = {
			isa = PBXFileReference;
			lastKnownFileType = sourcecode.swift;
			path = SleeperAPI.swift;
			sourceTree = "<group>";
		};
		5BB1FFBCF225159ABC9A8FE6 = {
			isa = PBXBuildFile;
			fileRef = F5E4EB23F502600ABFDA7CF7 /* AccountsView.swift */;
		};
		5EE764C8FC411275FBA279BF = {
			isa = PBXFileReference;
			lastKnownFileType = sourcecode.swift;
			path = JSONSupport.swift;
			sourceTree = "<group>";
		};
		6017835189AFFF5EC9046AAB = {
			isa = PBXFileReference;
			lastKnownFileType = sourcecode.swift;
			path = MatchupComponents.swift;
			sourceTree = "<group>";
		};
		62A1142776BBB3D9EDA74A24 = {
			isa = PBXBuildFile;
			fileRef = 5EE764C8FC411275FBA279BF /* JSONSupport.swift */;
		};
		64B0C5A622253848870C83BC = {
			isa = PBXFileReference;
			lastKnownFileType = sourcecode.swift;
			path = Projections.swift;
			sourceTree = "<group>";
		};
		678B11228DF3B271F8486C38 = {
			isa = PBXFileReference;
			lastKnownFileType = sourcecode.swift;
			path = RootView.swift;
			sourceTree = "<group>";
		};
		688026E8C814351531673AE2 = {
			isa = PBXFileReference;
			lastKnownFileType = sourcecode.swift;
			path = AvatarLoader.swift;
			sourceTree = "<group>";
		};
		68B0C94D62D04030A04109CF = {
			isa = PBXBuildFile;
			fileRef = 195E05D9D0E5FE526308E629 /* HostKind.swift */;
		};
		6C367E27D171A8E0CF442BD3 = {
			isa = PBXBuildFile;
			fileRef = 3EB54807A73C03E3C475C2EF /* KeychainStore.swift */;
		};
		6EFAB1ECC0D092E20FE51FCD = {
			isa = PBXFrameworksBuildPhase;
			buildActionMask = 2147483647;
			files = (
			);
			runOnlyForDeploymentPostprocessing = 0;
		};
		71DAAFA211708FECC42DA14A = {
			isa = PBXBuildFile;
			fileRef = 6017835189AFFF5EC9046AAB /* MatchupComponents.swift */;
		};
		71F6B29CF9FE0FE20B3C9AD5 = {
			isa = PBXBuildFile;
			fileRef = B7A4709E6FA19CE45B277C8B /* ScoreboardView.swift */;
		};
		73AA4EBD467F0E330299F7C4 = {
			isa = PBXBuildFile;
			fileRef = E37BCAA6E1080EA572DA4D1E /* HeadshotCache.swift */;
		};
		74B9E9A0D86F399917DBF509 = {
			isa = PBXBuildFile;
			fileRef = E37BCAA6E1080EA572DA4D1E /* HeadshotCache.swift */;
		};
		75831CD06B138A88B2678D6D = {
			isa = PBXBuildFile;
			fileRef = 8777A0A8342E64FFA645DEB6 /* ScoringDetector.swift */;
		};
		76783979A41D8BC5142F6045 = {
			isa = PBXBuildFile;
			fileRef = 5EE764C8FC411275FBA279BF /* JSONSupport.swift */;
		};
		76D85F12774713AC80C39647 = {
			isa = PBXFileReference;
			lastKnownFileType = sourcecode.swift;
			path = SleeperSettingsView.swift;
			sourceTree = "<group>";
		};
		77AEDF226E1B82E972C1B282 = {
			isa = PBXBuildFile;
			fileRef = C67A2D71EF5298D30645961D /* Assets.xcassets */;
		};
		77CBDA829DD33A4B108B5998 = {
			isa = PBXFileReference;
			lastKnownFileType = sourcecode.swift;
			path = LiveActivityController.swift;
			sourceTree = "<group>";
		};
		79CAEDCD7081CCC9E228807D = {
			isa = PBXBuildFile;
			fileRef = 47DB9E782CD4A6EF0DD65202 /* SleeperModels.swift */;
		};
		82000B87E0EC13AD7FD6DA43 = {
			isa = XCBuildConfiguration;
			buildSettings = {
				ASSETCATALOG_COMPILER_APPICON_NAME = AppIcon;
				ASSETCATALOG_COMPILER_GLOBAL_ACCENT_COLOR_NAME = AccentColor;
				CODE_SIGN_ENTITLEMENTS = SleeperScore/SleeperScore.entitlements;
				CODE_SIGN_STYLE = Automatic;
				CURRENT_PROJECT_VERSION = 1;
				ENABLE_PREVIEWS = YES;
				GENERATE_INFOPLIST_FILE = NO;
				INFOPLIST_FILE = SleeperScore/Info.plist;
				LD_RUNPATH_SEARCH_PATHS = (
					"$(inherited)",
					"@executable_path/Frameworks",
				);
				MARKETING_VERSION = 1.0;
				PRODUCT_BUNDLE_IDENTIFIER = dev.calvi.sleeperscore;
				PRODUCT_NAME = "$(TARGET_NAME)";
				SWIFT_EMIT_LOC_STRINGS = YES;
				TARGETED_DEVICE_FAMILY = "1,2";
			};
			name = Debug;
		};
		8238C6F408B14E52156812E2 = {
			isa = PBXFileReference;
			lastKnownFileType = sourcecode.swift;
			path = PlayerNews.swift;
			sourceTree = "<group>";
		};
		82606A21EEF631F7A0CCE86C = {
			isa = PBXBuildFile;
			fileRef = 76D85F12774713AC80C39647 /* SleeperSettingsView.swift */;
		};
		829D3BCA1A0DC5A3F4AD3F49 = {
			isa = PBXFileReference;
			lastKnownFileType = text.plist.xml;
			path = PrivacyInfo.xcprivacy;
			sourceTree = "<group>";
		};
		82CF2A43A7100F086D7FCFDD = {
			isa = PBXGroup;
			children = (
				C19B50826CD60F84F1157D12 /* SleeperScoreApp.swift */,
				C5DDC4617D40B315EC9D8E47 /* ScoreboardModel.swift */,
				77CBDA829DD33A4B108B5998 /* LiveActivityController.swift */,
				42E04906F4D01EA240919648 /* BackgroundRefresh.swift */,
				C477BBD7EB60956EBF2D34D5 /* Notifier.swift */,
				678B11228DF3B271F8486C38 /* RootView.swift */,
				B7A4709E6FA19CE45B277C8B /* ScoreboardView.swift */,
				F5E4EB23F502600ABFDA7CF7 /* AccountsView.swift */,
				EA428F9B7B2AC331FC76A403 /* PaywallView.swift */,
				105E01A849C6AC17353F5BFB /* StandingsView.swift */,
				AA51B72FDC0256F52E46C66F /* SeasonView.swift */,
				24A2525A50D463D43174024B /* ShareCard.swift */,
				76D85F12774713AC80C39647 /* SleeperSettingsView.swift */,
				394D755F24F129EE7716E89F /* YahooAuth.swift */,
				931226496DCE20872776D15D /* Assets.xcassets */,
				908BC9110B5449E87359BFDE /* PrivacyInfo.xcprivacy */,
				36CBBEEECA3A305005C30BB5 /* Info.plist */,
				024892A436DE54D2493F20CE /* SleeperScore.entitlements */,
			);
			path = SleeperScore;
			sourceTree = "<group>";
		};
		8351630F35B9C4E00D24189C = {
			isa = PBXBuildFile;
			fileRef = 394D755F24F129EE7716E89F /* YahooAuth.swift */;
		};
		84337AD8D27FCD69AF2C4FC2 = {
			isa = PBXFileReference;
			explicitFileType = wrapper.application;
			includeInIndex = 0;
			path = SleeperScore.app;
			sourceTree = BUILT_PRODUCTS_DIR;
		};
		8777A0A8342E64FFA645DEB6 = {
			isa = PBXFileReference;
			lastKnownFileType = sourcecode.swift;
			path = ScoringDetector.swift;
			sourceTree = "<group>";
		};
		889A34C747900C87EE5F896E = {
			isa = PBXFileReference;
			lastKnownFileType = text.plist.entitlements;
			path = ScoreWidget.entitlements;
			sourceTree = "<group>";
		};
		904AB9B259C5D8083B7B4DA3 = {
			isa = PBXBuildFile;
			fileRef = 105E01A849C6AC17353F5BFB /* StandingsView.swift */;
		};
		908BC9110B5449E87359BFDE = {
			isa = PBXFileReference;
			lastKnownFileType = text.plist.xml;
			path = PrivacyInfo.xcprivacy;
			sourceTree = "<group>";
		};
		92E165A9035A603BE73D2E62 = {
			isa = XCBuildConfiguration;
			buildSettings = {
				ALWAYS_SEARCH_USER_PATHS = NO;
				CLANG_ANALYZER_NONNULL = YES;
				CLANG_ENABLE_MODULES = YES;
				CLANG_ENABLE_OBJC_ARC = YES;
				COPY_PHASE_STRIP = NO;
				DEBUG_INFORMATION_FORMAT = dwarf;
				ENABLE_STRICT_OBJC_MSGSEND = YES;
				ENABLE_TESTABILITY = YES;
				ENABLE_USER_SCRIPT_SANDBOXING = YES;
				GCC_C_LANGUAGE_STANDARD = gnu17;
				GCC_DYNAMIC_NO_PIC = NO;
				GCC_NO_COMMON_BLOCKS = YES;
				GCC_OPTIMIZATION_LEVEL = 0;
				GCC_PREPROCESSOR_DEFINITIONS = (
					"DEBUG=1",
					"$(inherited)",
				);
				IPHONEOS_DEPLOYMENT_TARGET = 17.0;
				MTL_ENABLE_DEBUG_INFO = INCLUDE_SOURCE;
				MTL_FAST_MATH = YES;
				ONLY_ACTIVE_ARCH = YES;
				SDKROOT = iphoneos;
				SWIFT_ACTIVE_COMPILATION_CONDITIONS = "DEBUG $(inherited)";
				SWIFT_OPTIMIZATION_LEVEL = "-Onone";
				SWIFT_VERSION = 5.0;
			};
			name = Debug;
		};
		931226496DCE20872776D15D = {
			isa = PBXFileReference;
			lastKnownFileType = folder.assetcatalog;
			path = Assets.xcassets;
			sourceTree = "<group>";
		};
		99E6A51DA0B86FE48AEB34ED = {
			isa = PBXContainerItemProxy;
			containerPortal = 46F86FAA6BBF9AC94A7E4595 /* Project object */;
			proxyType = 1;
			remoteGlobalIDString = 0661F517A86C8F5C87C0EDBA;
			remoteInfo = ScoreWidgetExtension;
		};
		9A14ACA83648BAAD0A7B4F62 = {
			isa = PBXBuildFile;
			fileRef = 207AE7F7BF7702CED53D696C /* Theme.swift */;
		};
		9C9031AFD88F66F18BDF50C4 = {
			isa = PBXBuildFile;
			fileRef = C477BBD7EB60956EBF2D34D5 /* Notifier.swift */;
		};
		9CB302E9C7F6377B351DBEAB = {
			isa = PBXGroup;
			children = (
				CD7706DE0705E26991B88766 /* AppConfig.swift */,
				5EE764C8FC411275FBA279BF /* JSONSupport.swift */,
				47DB9E782CD4A6EF0DD65202 /* SleeperModels.swift */,
				5B5F18854E67727AE5FF5B8E /* SleeperAPI.swift */,
				5B082B835ACC628B90347851 /* MatchupSnapshot.swift */,
				B3F8241004CFBF529E7D6903 /* MatchupActivity.swift */,
				8777A0A8342E64FFA645DEB6 /* ScoringDetector.swift */,
				0A3AFB51459A2B0FB41234F0 /* InjuryWatcher.swift */,
				F360A9C432F944F1E4F4246B /* MatchSimulator.swift */,
				A55CC726808CF50732E54964 /* SharedStore.swift */,
				3EB54807A73C03E3C475C2EF /* KeychainStore.swift */,
				195E05D9D0E5FE526308E629 /* HostKind.swift */,
				203F74635AA1CE200A0E9736 /* Entitlements.swift */,
				688026E8C814351531673AE2 /* AvatarLoader.swift */,
				E37BCAA6E1080EA572DA4D1E /* HeadshotCache.swift */,
				C6ADDF882A06872F0A8E4C06 /* PlayerCatalog.swift */,
				C447792AF8760633BC09EF93 /* WeekStats.swift */,
				64B0C5A622253848870C83BC /* Projections.swift */,
				368E8DA1F8408B5A9BB46F2F /* WinProbability.swift */,
				24CB73DD8085DAD185EBE7EA /* OptimalLineup.swift */,
				8238C6F408B14E52156812E2 /* PlayerNews.swift */,
				11EFC0520AE3ED4F58D2E14D /* SeasonHistory.swift */,
				ADE09ECB837E05A3414451DB /* MatchupService.swift */,
				207AE7F7BF7702CED53D696C /* Theme.swift */,
				6017835189AFFF5EC9046AAB /* MatchupComponents.swift */,
			);
			path = Shared;
			sourceTree = "<group>";
		};
		9DC05096FC383F2E372383D0 = {
			isa = PBXBuildFile;
			fileRef = BD3A67CAFF664165392226E0 /* ScoreProvider.swift */;
		};
		A55CC726808CF50732E54964 = {
			isa = PBXFileReference;
			lastKnownFileType = sourcecode.swift;
			path = SharedStore.swift;
			sourceTree = "<group>";
		};
		AA51B72FDC0256F52E46C66F = {
			isa = PBXFileReference;
			lastKnownFileType = sourcecode.swift;
			path = SeasonView.swift;
			sourceTree = "<group>";
		};
		ABFEBEBD551AE490410EDE0B = {
			isa = PBXBuildFile;
			fileRef = 0A3AFB51459A2B0FB41234F0 /* InjuryWatcher.swift */;
		};
		AC44EE7A89E0071831176FE1 = {
			isa = PBXBuildFile;
			fileRef = 195E05D9D0E5FE526308E629 /* HostKind.swift */;
		};
		ADE09ECB837E05A3414451DB = {
			isa = PBXFileReference;
			lastKnownFileType = sourcecode.swift;
			path = MatchupService.swift;
			sourceTree = "<group>";
		};
		B3F8241004CFBF529E7D6903 = {
			isa = PBXFileReference;
			lastKnownFileType = sourcecode.swift;
			path = MatchupActivity.swift;
			sourceTree = "<group>";
		};
		B56E96530BC9DC2EBA288692 = {
			isa = PBXResourcesBuildPhase;
			buildActionMask = 2147483647;
			files = (
				77AEDF226E1B82E972C1B282 /* Assets.xcassets in ScoreWidgetExtension */,
				EC6697FD0BE94254B305B1CB /* PrivacyInfo.xcprivacy in ScoreWidgetExtension */,
			);
			runOnlyForDeploymentPostprocessing = 0;
		};
		B7A4709E6FA19CE45B277C8B = {
			isa = PBXFileReference;
			lastKnownFileType = sourcecode.swift;
			path = ScoreboardView.swift;
			sourceTree = "<group>";
		};
		BB02DB3256C02EB45CE301EF = {
			isa = PBXBuildFile;
			fileRef = 64B0C5A622253848870C83BC /* Projections.swift */;
		};
		BD3A67CAFF664165392226E0 = {
			isa = PBXFileReference;
			lastKnownFileType = sourcecode.swift;
			path = ScoreProvider.swift;
			sourceTree = "<group>";
		};
		BE9755B885CA955671AA3752 = {
			isa = PBXBuildFile;
			fileRef = 8238C6F408B14E52156812E2 /* PlayerNews.swift */;
		};
		C19B50826CD60F84F1157D12 = {
			isa = PBXFileReference;
			lastKnownFileType = sourcecode.swift;
			path = SleeperScoreApp.swift;
			sourceTree = "<group>";
		};
		C2AF9442A8E7CCC9C3394F69 = {
			isa = PBXBuildFile;
			fileRef = 24A2525A50D463D43174024B /* ShareCard.swift */;
		};
		C447792AF8760633BC09EF93 = {
			isa = PBXFileReference;
			lastKnownFileType = sourcecode.swift;
			path = WeekStats.swift;
			sourceTree = "<group>";
		};
		C477BBD7EB60956EBF2D34D5 = {
			isa = PBXFileReference;
			lastKnownFileType = sourcecode.swift;
			path = Notifier.swift;
			sourceTree = "<group>";
		};
		C5A41E448492DA848F9CAA89 = {
			isa = PBXFileReference;
			lastKnownFileType = sourcecode.swift;
			path = ScoreWidgetBundle.swift;
			sourceTree = "<group>";
		};
		C5DDC4617D40B315EC9D8E47 = {
			isa = PBXFileReference;
			lastKnownFileType = sourcecode.swift;
			path = ScoreboardModel.swift;
			sourceTree = "<group>";
		};
		C67A2D71EF5298D30645961D = {
			isa = PBXFileReference;
			lastKnownFileType = folder.assetcatalog;
			path = Assets.xcassets;
			sourceTree = "<group>";
		};
		C6ADDF882A06872F0A8E4C06 = {
			isa = PBXFileReference;
			lastKnownFileType = sourcecode.swift;
			path = PlayerCatalog.swift;
			sourceTree = "<group>";
		};
		C6DA29FAD2E61DF050748E30 = {
			isa = PBXBuildFile;
			fileRef = 678B11228DF3B271F8486C38 /* RootView.swift */;
		};
		C716D99812EACED16CCF5CC5 = {
			isa = PBXBuildFile;
			fileRef = 64B0C5A622253848870C83BC /* Projections.swift */;
		};
		C7B8CEEB7B179A9C9CD3B8D8 = {
			isa = PBXFileReference;
			lastKnownFileType = sourcecode.swift;
			path = ScoreWidgetViews.swift;
			sourceTree = "<group>";
		};
		CAADC64843CA3C3E7BED06BD = {
			isa = PBXBuildFile;
			fileRef = 368E8DA1F8408B5A9BB46F2F /* WinProbability.swift */;
		};
		CBBBE19B4682C29799DAE9F0 = {
			isa = PBXBuildFile;
			fileRef = ADE09ECB837E05A3414451DB /* MatchupService.swift */;
		};
		CC75E1056C3F0D7E633EEBD6 = {
			isa = XCBuildConfiguration;
			buildSettings = {
				ASSETCATALOG_COMPILER_GLOBAL_ACCENT_COLOR_NAME = AccentColor;
				ASSETCATALOG_COMPILER_WIDGET_BACKGROUND_COLOR_NAME = WidgetBackground;
				CODE_SIGN_ENTITLEMENTS = ScoreWidget/ScoreWidget.entitlements;
				CODE_SIGN_STYLE = Automatic;
				CURRENT_PROJECT_VERSION = 1;
				ENABLE_PREVIEWS = YES;
				GENERATE_INFOPLIST_FILE = NO;
				INFOPLIST_FILE = ScoreWidget/Info.plist;
				LD_RUNPATH_SEARCH_PATHS = (
					"$(inherited)",
					"@executable_path/Frameworks",
					"@executable_path/../../Frameworks",
				);
				MARKETING_VERSION = 1.0;
				PRODUCT_BUNDLE_IDENTIFIER = dev.calvi.sleeperscore.widget;
				PRODUCT_NAME = "$(TARGET_NAME)";
				SKIP_INSTALL = YES;
				SWIFT_EMIT_LOC_STRINGS = YES;
				TARGETED_DEVICE_FAMILY = "1,2";
			};
			name = Release;
		};
		CD7706DE0705E26991B88766 = {
			isa = PBXFileReference;
			lastKnownFileType = sourcecode.swift;
			path = AppConfig.swift;
			sourceTree = "<group>";
		};
		CDC15F89DB2640D57277623E = {
			isa = PBXFileReference;
			lastKnownFileType = text.plist.xml;
			path = Info.plist;
			sourceTree = "<group>";
		};
		D0143AE3927E5100A6257CF1 = {
			isa = PBXBuildFile;
			fileRef = 688026E8C814351531673AE2 /* AvatarLoader.swift */;
		};
		D11F48B53881037F9CF0F7EF = {
			isa = PBXBuildFile;
			fileRef = C447792AF8760633BC09EF93 /* WeekStats.swift */;
		};
		D2CFDBA3102D6FCABBFB8476 = {
			isa = PBXBuildFile;
			fileRef = 11EFC0520AE3ED4F58D2E14D /* SeasonHistory.swift */;
		};
		D43102C6B7124A44BB8B79D2 = {
			isa = PBXBuildFile;
			fileRef = 47DB9E782CD4A6EF0DD65202 /* SleeperModels.swift */;
		};
		D80B18A2F5944D5736AB7143 = {
			isa = PBXBuildFile;
			fileRef = 207AE7F7BF7702CED53D696C /* Theme.swift */;
		};
		D9CB6B243E001BECBFFFF30F = {
			isa = PBXBuildFile;
			fileRef = 908BC9110B5449E87359BFDE /* PrivacyInfo.xcprivacy */;
		};
		DCBEC3B50E0D25141FE1D888 = {
			isa = PBXBuildFile;
			fileRef = B3F8241004CFBF529E7D6903 /* MatchupActivity.swift */;
		};
		DE2B75DF8FFBAB7A9E66A288 = {
			isa = PBXBuildFile;
			fileRef = F360A9C432F944F1E4F4246B /* MatchSimulator.swift */;
		};
		E1D3BBA94590957B0374D6E9 = {
			isa = XCBuildConfiguration;
			buildSettings = {
				ALWAYS_SEARCH_USER_PATHS = NO;
				CLANG_ANALYZER_NONNULL = YES;
				CLANG_ENABLE_MODULES = YES;
				CLANG_ENABLE_OBJC_ARC = YES;
				COPY_PHASE_STRIP = NO;
				DEBUG_INFORMATION_FORMAT = "dwarf-with-dsym";
				ENABLE_NS_ASSERTIONS = NO;
				ENABLE_STRICT_OBJC_MSGSEND = YES;
				ENABLE_USER_SCRIPT_SANDBOXING = YES;
				GCC_C_LANGUAGE_STANDARD = gnu17;
				GCC_NO_COMMON_BLOCKS = YES;
				IPHONEOS_DEPLOYMENT_TARGET = 17.0;
				MTL_ENABLE_DEBUG_INFO = NO;
				MTL_FAST_MATH = YES;
				SDKROOT = iphoneos;
				SWIFT_COMPILATION_MODE = wholemodule;
				SWIFT_VERSION = 5.0;
				VALIDATE_PRODUCT = YES;
			};
			name = Release;
		};
		E3435DDA2687639586BF0B70 = {
			isa = PBXNativeTarget;
			buildConfigurationList = 1F3512EF34B2A4C6D8FFD69F /* Build configuration list for PBXNativeTarget "SleeperScore" */;
			buildPhases = (
				4821909E9BF9E73E471FEA84,
				6EFAB1ECC0D092E20FE51FCD,
				F667297ED3AB90EAC07798D4,
				496AF46EC2762DDF91F78F13,
			);
			buildRules = (
			);
			dependencies = (
				F78D8F997A3DF3A317629BBA /* PBXTargetDependency */,
			);
			name = SleeperScore;
			productName = SleeperScore;
			productReference = 84337AD8D27FCD69AF2C4FC2 /* SleeperScore.app */;
			productType = "com.apple.product-type.application";
		};
		E37BCAA6E1080EA572DA4D1E = {
			isa = PBXFileReference;
			lastKnownFileType = sourcecode.swift;
			path = HeadshotCache.swift;
			sourceTree = "<group>";
		};
		E47763735724DC7F5E89001B = {
			isa = PBXBuildFile;
			fileRef = 0A3AFB51459A2B0FB41234F0 /* InjuryWatcher.swift */;
		};
		E97658E1132B2D311B4060A1 = {
			isa = PBXBuildFile;
			fileRef = C7B8CEEB7B179A9C9CD3B8D8 /* ScoreWidgetViews.swift */;
		};
		EA428F9B7B2AC331FC76A403 = {
			isa = PBXFileReference;
			lastKnownFileType = sourcecode.swift;
			path = PaywallView.swift;
			sourceTree = "<group>";
		};
		EB0BABE71F931600D48BB98F = {
			isa = PBXBuildFile;
			fileRef = A55CC726808CF50732E54964 /* SharedStore.swift */;
		};
		EBA88E926D54C1F60AED6990 = {
			isa = PBXBuildFile;
			fileRef = 931226496DCE20872776D15D /* Assets.xcassets */;
		};
		EC21069A65F2CA977FE14A64 = {
			isa = PBXGroup;
			children = (
				C5A41E448492DA848F9CAA89 /* ScoreWidgetBundle.swift */,
				BD3A67CAFF664165392226E0 /* ScoreProvider.swift */,
				C7B8CEEB7B179A9C9CD3B8D8 /* ScoreWidgetViews.swift */,
				3CC877DCD46ABB61F63E8488 /* MatchupLiveActivity.swift */,
				C67A2D71EF5298D30645961D /* Assets.xcassets */,
				829D3BCA1A0DC5A3F4AD3F49 /* PrivacyInfo.xcprivacy */,
				CDC15F89DB2640D57277623E /* Info.plist */,
				889A34C747900C87EE5F896E /* ScoreWidget.entitlements */,
			);
			path = ScoreWidget;
			sourceTree = "<group>";
		};
		EC6697FD0BE94254B305B1CB = {
			isa = PBXBuildFile;
			fileRef = 829D3BCA1A0DC5A3F4AD3F49 /* PrivacyInfo.xcprivacy */;
		};
		F360A9C432F944F1E4F4246B = {
			isa = PBXFileReference;
			lastKnownFileType = sourcecode.swift;
			path = MatchSimulator.swift;
			sourceTree = "<group>";
		};
		F5A30E0A9EB43FB9E5566673 = {
			isa = PBXBuildFile;
			fileRef = 688026E8C814351531673AE2 /* AvatarLoader.swift */;
		};
		F5E4EB23F502600ABFDA7CF7 = {
			isa = PBXFileReference;
			lastKnownFileType = sourcecode.swift;
			path = AccountsView.swift;
			sourceTree = "<group>";
		};
		F667297ED3AB90EAC07798D4 = {
			isa = PBXResourcesBuildPhase;
			buildActionMask = 2147483647;
			files = (
				EBA88E926D54C1F60AED6990 /* Assets.xcassets in SleeperScore */,
				D9CB6B243E001BECBFFFF30F /* PrivacyInfo.xcprivacy in SleeperScore */,
			);
			runOnlyForDeploymentPostprocessing = 0;
		};
		F78D8F997A3DF3A317629BBA = {
			isa = PBXTargetDependency;
			target = 0661F517A86C8F5C87C0EDBA /* ScoreWidgetExtension */;
			targetProxy = 99E6A51DA0B86FE48AEB34ED /* PBXContainerItemProxy */;
		};
		FAEBD90CE12952F4FBC920AC = {
			isa = PBXBuildFile;
			fileRef = C6ADDF882A06872F0A8E4C06 /* PlayerCatalog.swift */;
		};
		FD2DD70200319FF7456A87FC = {
			isa = XCBuildConfiguration;
			buildSettings = {
				ASSETCATALOG_COMPILER_GLOBAL_ACCENT_COLOR_NAME = AccentColor;
				ASSETCATALOG_COMPILER_WIDGET_BACKGROUND_COLOR_NAME = WidgetBackground;
				CODE_SIGN_ENTITLEMENTS = ScoreWidget/ScoreWidget.entitlements;
				CODE_SIGN_STYLE = Automatic;
				CURRENT_PROJECT_VERSION = 1;
				ENABLE_PREVIEWS = YES;
				GENERATE_INFOPLIST_FILE = NO;
				INFOPLIST_FILE = ScoreWidget/Info.plist;
				LD_RUNPATH_SEARCH_PATHS = (
					"$(inherited)",
					"@executable_path/Frameworks",
					"@executable_path/../../Frameworks",
				);
				MARKETING_VERSION = 1.0;
				PRODUCT_BUNDLE_IDENTIFIER = dev.calvi.sleeperscore.widget;
				PRODUCT_NAME = "$(TARGET_NAME)";
				SKIP_INSTALL = YES;
				SWIFT_EMIT_LOC_STRINGS = YES;
				TARGETED_DEVICE_FAMILY = "1,2";
			};
			name = Debug;
		};
		FDB001CE42806C546F6ED13F = {
			isa = PBXBuildFile;
			fileRef = 368E8DA1F8408B5A9BB46F2F /* WinProbability.swift */;
		};
	};
	rootObject = 46F86FAA6BBF9AC94A7E4595 /* Project object */;
}
